
Microsoft Visual Studio Solution File, Format Version 12.00
# Visual Studio Version 17
VisualStudioVersion = 17.0.31903.59
MinimumVisualStudioVersion = 10.0.40219.1
Project("{2150E333-8FDC-42A3-9474-1A3956D46DE8}") = "Services", "Services", "{EF487F27-FBD3-4CEA-A30B-82887535854D}"
EndProject
Project("{2150E333-8FDC-42A3-9474-1A3956D46DE8}") = "Catalog", "Catalog", "{1DFA6537-362D-4748-8791-8C987CAFD62C}"
EndProject
Project("{9A19103F-16F7-4668-BE54-9A1E7A4F7556}") = "Catalog.API", "Services\Catalog\Catalog.API\Catalog.API.csproj", "{B3A47C8F-7862-41FF-9A9D-5B2CB7759C7E}"
EndProject
Project("{2150E333-8FDC-42A3-9474-1A3956D46DE8}") = "Basket", "Basket", "{F99F150D-2A1B-440C-B8DD-71C17BFF2F6A}"
EndProject
Project("{9A19103F-16F7-4668-BE54-9A1E7A4F7556}") = "Basket.API", "Services\Basket\Basket.API\Basket.API.csproj", "{D75A52E8-39DA-4394-9226-750445741460}"
EndProject
Project("{E53339B2-1760-4266-BCC7-CA923CBCF16C}") = "docker-compose", "docker-compose.dcproj", "{86BB271E-0417-4216-8B0E-62517FD13637}"
EndProject
Project("{2150E333-8FDC-42A3-9474-1A3956D46DE8}") = "Discount", "Discount", "{898E9022-48CA-4721-B66A-1CDFD4ED62B5}"
EndProject
Project("{9A19103F-16F7-4668-BE54-9A1E7A4F7556}") = "Discount.API", "Services\Discount\Discount.API\Discount.API.csproj", "{13A15D3B-5B08-41B5-AC09-F09CFEA54E27}"
EndProject
Project("{FAE04EC0-301F-11D3-BF4B-00C04F79EFBC}") = "Discount.Grpc", "Services\Discount\Discount.Grpc\Discount.Grpc.csproj", "{B3098304-9C4B-4ABC-BE53-0279A4B314FB}"
EndProject
Global
	GlobalSection(SolutionConfigurationPlatforms) = preSolution
		Debug|Any CPU = Debug|Any CPU
		Release|Any CPU = Release|Any CPU
	EndGlobalSection
	GlobalSection(ProjectConfigurationPlatforms) = postSolution
		{B3A47C8F-7862-41FF-9A9D-5B2CB7759C7E}.Debug|Any CPU.ActiveCfg = Debug|Any CPU
		{B3A47C8F-7862-41FF-9A9D-5B2CB7759C7E}.Debug|Any CPU.Build.0 = Debug|Any CPU
		{B3A47C8F-7862-41FF-9A9D-5B2CB7759C7E}.Release|Any CPU.ActiveCfg = Release|Any CPU
		{B3A47C8F-7862-41FF-9A9D-5B2CB7759C7E}.Release|Any CPU.Build.0 = Release|Any CPU
		{D75A52E8-39DA-4394-9226-750445741460}.Debug|Any CPU.ActiveCfg = Debug|Any CPU
		{D75A52E8-39DA-4394-9226-750445741460}.Debug|Any CPU.Build.0 = Debug|Any CPU
		{D75A52E8-39DA-4394-9226-750445741460}.Release|Any CPU.ActiveCfg = Release|Any CPU
		{D75A52E8-39DA-4394-9226-750445741460}.Release|Any CPU.Build.0 = Release|Any CPU
		{86BB271E-0417-4216-8B0E-62517FD13637}.Debug|Any CPU.ActiveCfg = Debug|Any CPU
		{86BB271E-0417-4216-8B0E-62517FD13637}.Debug|Any CPU.Build.0 = Debug|Any CPU
		{86BB271E-0417-4216-8B0E-62517FD13637}.Release|Any CPU.ActiveCfg = Release|Any CPU
		{86BB271E-0417-4216-8B0E-62517FD13637}.Release|Any CPU.Build.0 = Release|Any CPU
		{13A15D3B-5B08-41B5-AC09-F09CFEA54E27}.Debug|Any CPU.ActiveCfg = Debug|Any CPU
		{13A15D3B-5B08-41B5-AC09-F09CFEA54E27}.Debug|Any CPU.Build.0 = Debug|Any CPU
		{13A15D3B-5B08-41B5-AC09-F09CFEA54E27}.Release|Any CPU.ActiveCfg = Release|Any CPU
		{13A15D3B-5B08-41B5-AC09-F09CFEA54E27}.Release|Any CPU.Build.0 = Release|Any CPU
		{B3098304-9C4B-4ABC-BE53-0279A4B314FB}.Debug|Any CPU.ActiveCfg = Debug|Any CPU
		{B3098304-9C4B-4ABC-BE53-0279A4B314FB}.Debug|Any CPU.Build.0 = Debug|Any CPU
		{B3098304-9C4B-4ABC-BE53-0279A4B314FB}.Release|Any CPU.ActiveCfg = Release|Any CPU
		{B3098304-9C4B-4ABC-BE53-0279A4B314FB}.Release|Any CPU.Build.0 = Release|Any CPU
	EndGlobalSection
	GlobalSection(SolutionProperties) = preSolution
		HideSolutionNode = FALSE
	EndGlobalSection
	GlobalSection(NestedProjects) = preSolution
		{1DFA6537-362D-4748-8791-8C987CAFD62C} = {EF487F27-FBD3-4CEA-A30B-82887535854D}
		{B3A47C8F-7862-41FF-9A9D-5B2CB7759C7E} = {1DFA6537-362D-4748-8791-8C987CAFD62C}
		{F99F150D-2A1B-440C-B8DD-71C17BFF2F6A} = {EF487F27-FBD3-4CEA-A30B-82887535854D}
		{D75A52E8-39DA-4394-9226-750445741460} = {F99F150D-2A1B-440C-B8DD-71C17BFF2F6A}
		{898E9022-48CA-4721-B66A-1CDFD4ED62B5} = {EF487F27-FBD3-4CEA-A30B-82887535854D}
		{13A15D3B-5B08-41B5-AC09-F09CFEA54E27} = {898E9022-48CA-4721-B66A-1CDFD4ED62B5}
		{B3098304-9C4B-4ABC-BE53-0279A4B314FB} = {898E9022-48CA-4721-B66A-1CDFD4ED62B5}
	EndGlobalSection
	GlobalSection(ExtensibilityGlobals) = postSolution
		SolutionGuid = {2CA17757-98C0-4E4B-9848-E780682CE56A}
	EndGlobalSection
EndGlobal
